// !$*UTF8*$!
{
	archiveVersion = 1;
	classes = {
	};
	objectVersion = 52;
	objects = {

/* Begin PBXBuildFile section */
		BB3959F724EA71EE00B965F5 /* AppDelegate.swift in Sources */ = {isa = PBXBuildFile; fileRef = BB3959F624EA71EE00B965F5 /* AppDelegate.swift */; };
		BB3959FB24EA71EE00B965F5 /* HomeViewController.swift in Sources */ = {isa = PBXBuildFile; fileRef = BB3959FA24EA71EE00B965F5 /* HomeViewController.swift */; };
		BB395A0024EA71F200B965F5 /* Assets.xcassets in Resources */ = {isa = PBXBuildFile; fileRef = BB3959FF24EA71F200B965F5 /* Assets.xcassets */; };
		BB395A0324EA71F200B965F5 /* LaunchScreen.storyboard in Resources */ = {isa = PBXBuildFile; fileRef = BB395A0124EA71F200B965F5 /* LaunchScreen.storyboard */; };
		BB3C5BBB26C9A0DB000C7B24 /* ALFakeNavigationView.swift in Sources */ = {isa = PBXBuildFile; fileRef = BB3C5BBA26C9A0DB000C7B24 /* ALFakeNavigationView.swift */; };
		BB3C5BC126C9B821000C7B24 /* ALRadioButtons in Frameworks */ = {isa = PBXBuildFile; productRef = BB3C5BC026C9B821000C7B24 /* ALRadioButtons */; };
		BB3C5BC326C9B84C000C7B24 /* BaseViewController.swift in Sources */ = {isa = PBXBuildFile; fileRef = BB3C5BC226C9B84C000C7B24 /* BaseViewController.swift */; };
		BB3C5BC626C9BECF000C7B24 /* TableViewController.swift in Sources */ = {isa = PBXBuildFile; fileRef = BB3C5BC526C9BECF000C7B24 /* TableViewController.swift */; };
		BB3C5BC826C9BEDA000C7B24 /* DetailViewController.swift in Sources */ = {isa = PBXBuildFile; fileRef = BB3C5BC726C9BEDA000C7B24 /* DetailViewController.swift */; };
		BB3C5BCB26C9C4DC000C7B24 /* ALProgressView in Frameworks */ = {isa = PBXBuildFile; productRef = BB3C5BCA26C9C4DC000C7B24 /* ALProgressView */; };
		BB3C5BCE26C9C561000C7B24 /* InheritedFromCardController.swift in Sources */ = {isa = PBXBuildFile; fileRef = BB3C5BCD26C9C561000C7B24 /* InheritedFromCardController.swift */; };
		BB3C5BD026C9C56C000C7B24 /* InheritedFromPopupController.swift.swift in Sources */ = {isa = PBXBuildFile; fileRef = BB3C5BCF26C9C56C000C7B24 /* InheritedFromPopupController.swift.swift */; };
		BB3C5BD326C9C5A0000C7B24 /* ContentViewForInheritedController.swift in Sources */ = {isa = PBXBuildFile; fileRef = BB3C5BD226C9C5A0000C7B24 /* ContentViewForInheritedController.swift */; };
		BB3C5BD626C9CBAF000C7B24 /* SettingsViewController.swift in Sources */ = {isa = PBXBuildFile; fileRef = BB3C5BD526C9CBAF000C7B24 /* SettingsViewController.swift */; };
		BB3C5BDC26CA5BE0000C7B24 /* HorizontallScrollController.swift in Sources */ = {isa = PBXBuildFile; fileRef = BB3C5BDB26CA5BE0000C7B24 /* HorizontallScrollController.swift */; };
		BB3C5BDE26CA62E1000C7B24 /* MixedScrollViewController.swift in Sources */ = {isa = PBXBuildFile; fileRef = BB3C5BDD26CA62E1000C7B24 /* MixedScrollViewController.swift */; };
		BBC5A33B262824B60000ADDA /* ALDevKit in Frameworks */ = {isa = PBXBuildFile; productRef = BBC5A33A262824B60000ADDA /* ALDevKit */; };
		BBDBFBF42705B44200EBD725 /* ALPopup in Frameworks */ = {isa = PBXBuildFile; productRef = BBDBFBF32705B44200EBD725 /* ALPopup */; };
/* End PBXBuildFile section */

/* Begin PBXFileReference section */
		BB3959F324EA71EE00B965F5 /* ALPopup Example.app */ = {isa = PBXFileReference; explicitFileType = wrapper.application; includeInIndex = 0; path = "ALPopup Example.app"; sourceTree = BUILT_PRODUCTS_DIR; };
		BB3959F624EA71EE00B965F5 /* AppDelegate.swift */ = {isa = PBXFileReference; lastKnownFileType = sourcecode.swift; path = AppDelegate.swift; sourceTree = "<group>"; };
		BB3959FA24EA71EE00B965F5 /* HomeViewController.swift */ = {isa = PBXFileReference; lastKnownFileType = sourcecode.swift; path = HomeViewController.swift; sourceTree = "<group>"; };
		BB3959FF24EA71F200B965F5 /* Assets.xcassets */ = {isa = PBXFileReference; lastKnownFileType = folder.assetcatalog; path = Assets.xcassets; sourceTree = "<group>"; };
		BB395A0224EA71F200B965F5 /* Base */ = {isa = PBXFileReference; lastKnownFileType = file.storyboard; name = Base; path = Base.lproj/LaunchScreen.storyboard; sourceTree = "<group>"; };
		BB395A0424EA71F200B965F5 /* Info.plist */ = {isa = PBXFileReference; lastKnownFileType = text.plist.xml; path = Info.plist; sourceTree = "<group>"; };
		BB3C5BBA26C9A0DB000C7B24 /* ALFakeNavigationView.swift */ = {isa = PBXFileReference; lastKnownFileType = sourcecode.swift; path = ALFakeNavigationView.swift; sourceTree = "<group>"; };
		BB3C5BC226C9B84C000C7B24 /* BaseViewController.swift */ = {isa = PBXFileReference; lastKnownFileType = sourcecode.swift; path = BaseViewController.swift; sourceTree = "<group>"; };
		BB3C5BC526C9BECF000C7B24 /* TableViewController.swift */ = {isa = PBXFileReference; lastKnownFileType = sourcecode.swift; path = TableViewController.swift; sourceTree = "<group>"; };
		BB3C5BC726C9BEDA000C7B24 /* DetailViewController.swift */ = {isa = PBXFileReference; lastKnownFileType = sourcecode.swift; path = DetailViewController.swift; sourceTree = "<group>"; };
		BB3C5BCD26C9C561000C7B24 /* InheritedFromCardController.swift */ = {isa = PBXFileReference; lastKnownFileType = sourcecode.swift; path = InheritedFromCardController.swift; sourceTree = "<group>"; };
		BB3C5BCF26C9C56C000C7B24 /* InheritedFromPopupController.swift.swift */ = {isa = PBXFileReference; lastKnownFileType = sourcecode.swift; path = InheritedFromPopupController.swift.swift; sourceTree = "<group>"; };
		BB3C5BD226C9C5A0000C7B24 /* ContentViewForInheritedController.swift */ = {isa = PBXFileReference; lastKnownFileType = sourcecode.swift; path = ContentViewForInheritedController.swift; sourceTree = "<group>"; };
		BB3C5BD526C9CBAF000C7B24 /* SettingsViewController.swift */ = {isa = PBXFileReference; lastKnownFileType = sourcecode.swift; path = SettingsViewController.swift; sourceTree = "<group>"; };
		BB3C5BDB26CA5BE0000C7B24 /* HorizontallScrollController.swift */ = {isa = PBXFileReference; lastKnownFileType = sourcecode.swift; path = HorizontallScrollController.swift; sourceTree = "<group>"; };
		BB3C5BDD26CA62E1000C7B24 /* MixedScrollViewController.swift */ = {isa = PBXFileReference; lastKnownFileType = sourcecode.swift; path = MixedScrollViewController.swift; sourceTree = "<group>"; };
		BB8E4EC1271814EF00D58888 /* ALPopup */ = {isa = PBXFileReference; lastKnownFileType = folder; name = ALPopup; path = ..; sourceTree = "<group>"; };
/* End PBXFileReference section */

/* Begin PBXFrameworksBuildPhase section */
		BB3959F024EA71EE00B965F5 /* Frameworks */ = {
			isa = PBXFrameworksBuildPhase;
			buildActionMask = 2147483647;
			files = (
				BBDBFBF42705B44200EBD725 /* ALPopup in Frameworks */,
				BB3C5BC126C9B821000C7B24 /* ALRadioButtons in Frameworks */,
				BBC5A33B262824B60000ADDA /* ALDevKit in Frameworks */,
				BB3C5BCB26C9C4DC000C7B24 /* ALProgressView in Frameworks */,
			);
			runOnlyForDeploymentPostprocessing = 0;
		};
/* End PBXFrameworksBuildPhase section */

/* Begin PBXGroup section */
		BB3959EA24EA71EE00B965F5 = {
			isa = PBXGroup;
			children = (
				BB8E4EC0271814EF00D58888 /* Packages */,
				BB3959F524EA71EE00B965F5 /* iOS App */,
				BB3959F424EA71EE00B965F5 /* Products */,
				BB9AA92E26AAFB8A0024E2C2 /* Frameworks */,
			);
			sourceTree = "<group>";
		};
		BB3959F424EA71EE00B965F5 /* Products */ = {
			isa = PBXGroup;
			children = (
				BB3959F324EA71EE00B965F5 /* ALPopup Example.app */,
			);
			name = Products;
			sourceTree = "<group>";
		};
		BB3959F524EA71EE00B965F5 /* iOS App */ = {
			isa = PBXGroup;
			children = (
				BB395A0C24EA726500B965F5 /* App */,
				BB395A0E24EA728200B965F5 /* Library */,
				BB395A0A24EA722A00B965F5 /* Controllers */,
				BB395A0B24EA723800B965F5 /* Sources */,
			);
			path = "iOS App";
			sourceTree = "<group>";
		};
		BB395A0A24EA722A00B965F5 /* Controllers */ = {
			isa = PBXGroup;
			children = (
				BB3959FA24EA71EE00B965F5 /* HomeViewController.swift */,
				BB3C5BBE26C9B7D7000C7B24 /* BaseController */,
				BB3C5BC426C9BEA1000C7B24 /* ForNavigationController */,
				BB3C5BCC26C9C530000C7B24 /* InheritedController */,
				BB3C5BDA26CA5BC1000C7B24 /* ScrollControllers */,
				BB3C5BD426C9CB90000C7B24 /* Settings */,
				BB395A0D24EA727000B965F5 /* Launch */,
			);
			path = Controllers;
			sourceTree = "<group>";
		};
		BB395A0B24EA723800B965F5 /* Sources */ = {
			isa = PBXGroup;
			children = (
				BB3959FF24EA71F200B965F5 /* Assets.xcassets */,
				BB395A0424EA71F200B965F5 /* Info.plist */,
			);
			path = Sources;
			sourceTree = "<group>";
		};
		BB395A0C24EA726500B965F5 /* App */ = {
			isa = PBXGroup;
			children = (
				BB3959F624EA71EE00B965F5 /* AppDelegate.swift */,
			);
			path = App;
			sourceTree = "<group>";
		};
		BB395A0D24EA727000B965F5 /* Launch */ = {
			isa = PBXGroup;
			children = (
				BB395A0124EA71F200B965F5 /* LaunchScreen.storyboard */,
			);
			path = Launch;
			sourceTree = "<group>";
		};
		BB395A0E24EA728200B965F5 /* Library */ = {
			isa = PBXGroup;
			children = (
				BB3C5BB926C9A0C3000C7B24 /* UIElements */,
			);
			path = Library;
			sourceTree = "<group>";
		};
		BB3C5BB926C9A0C3000C7B24 /* UIElements */ = {
			isa = PBXGroup;
			children = (
				BB3C5BBA26C9A0DB000C7B24 /* ALFakeNavigationView.swift */,
			);
			path = UIElements;
			sourceTree = "<group>";
		};
		BB3C5BBE26C9B7D7000C7B24 /* BaseController */ = {
			isa = PBXGroup;
			children = (
				BB3C5BC226C9B84C000C7B24 /* BaseViewController.swift */,
			);
			path = BaseController;
			sourceTree = "<group>";
		};
		BB3C5BC426C9BEA1000C7B24 /* ForNavigationController */ = {
			isa = PBXGroup;
			children = (
				BB3C5BC526C9BECF000C7B24 /* TableViewController.swift */,
				BB3C5BC726C9BEDA000C7B24 /* DetailViewController.swift */,
			);
			path = ForNavigationController;
			sourceTree = "<group>";
		};
		BB3C5BCC26C9C530000C7B24 /* InheritedController */ = {
			isa = PBXGroup;
			children = (
				BB3C5BD126C9C583000C7B24 /* UIElements */,
				BB3C5BCD26C9C561000C7B24 /* InheritedFromCardController.swift */,
				BB3C5BCF26C9C56C000C7B24 /* InheritedFromPopupController.swift.swift */,
			);
			path = InheritedController;
			sourceTree = "<group>";
		};
		BB3C5BD126C9C583000C7B24 /* UIElements */ = {
			isa = PBXGroup;
			children = (
				BB3C5BD226C9C5A0000C7B24 /* ContentViewForInheritedController.swift */,
			);
			path = UIElements;
			sourceTree = "<group>";
		};
		BB3C5BD426C9CB90000C7B24 /* Settings */ = {
			isa = PBXGroup;
			children = (
				BB3C5BD526C9CBAF000C7B24 /* SettingsViewController.swift */,
			);
			path = Settings;
			sourceTree = "<group>";
		};
		BB3C5BDA26CA5BC1000C7B24 /* ScrollControllers */ = {
			isa = PBXGroup;
			children = (
				BB3C5BDB26CA5BE0000C7B24 /* HorizontallScrollController.swift */,
				BB3C5BDD26CA62E1000C7B24 /* MixedScrollViewController.swift */,
			);
			path = ScrollControllers;
			sourceTree = "<group>";
		};
		BB8E4EC0271814EF00D58888 /* Packages */ = {
			isa = PBXGroup;
			children = (
				BB8E4EC1271814EF00D58888 /* ALPopup */,
			);
			name = Packages;
			sourceTree = "<group>";
		};
		BB9AA92E26AAFB8A0024E2C2 /* Frameworks */ = {
			isa = PBXGroup;
			children = (
			);
			name = Frameworks;
			sourceTree = "<group>";
		};
/* End PBXGroup section */

/* Begin PBXNativeTarget section */
		BB3959F224EA71EE00B965F5 /* ALPopup Example */ = {
			isa = PBXNativeTarget;
			buildConfigurationList = BB395A0724EA71F200B965F5 /* Build configuration list for PBXNativeTarget "ALPopup Example" */;
			buildPhases = (
				BB3959EF24EA71EE00B965F5 /* Sources */,
				BB3959F024EA71EE00B965F5 /* Frameworks */,
				BB3959F124EA71EE00B965F5 /* Resources */,
			);
			buildRules = (
			);
			dependencies = (
			);
			name = "ALPopup Example";
			packageProductDependencies = (
				BBC5A33A262824B60000ADDA /* ALDevKit */,
				BB3C5BC026C9B821000C7B24 /* ALRadioButtons */,
				BB3C5BCA26C9C4DC000C7B24 /* ALProgressView */,
				BBDBFBF32705B44200EBD725 /* ALPopup */,
			);
			productName = "Panda School";
			productReference = BB3959F324EA71EE00B965F5 /* ALPopup Example.app */;
			productType = "com.apple.product-type.application";
		};
/* End PBXNativeTarget section */

/* Begin PBXProject section */
		BB3959EB24EA71EE00B965F5 /* Project object */ = {
			isa = PBXProject;
			attributes = {
				LastSwiftUpdateCheck = 1160;
				LastUpgradeCheck = 1250;
				ORGANIZATIONNAME = alxrguz;
				TargetAttributes = {
					BB3959F224EA71EE00B965F5 = {
						CreatedOnToolsVersion = 11.6;
					};
				};
			};
			buildConfigurationList = BB3959EE24EA71EE00B965F5 /* Build configuration list for PBXProject "ALPopup Example" */;
			compatibilityVersion = "Xcode 9.3";
			developmentRegion = en;
			hasScannedForEncodings = 0;
			knownRegions = (
				en,
				Base,
			);
			mainGroup = BB3959EA24EA71EE00B965F5;
			packageReferences = (
				BBC5A339262824B60000ADDA /* XCRemoteSwiftPackageReference "ALDevKit" */,
				BB3C5BBF26C9B821000C7B24 /* XCRemoteSwiftPackageReference "ALRadioButtons" */,
				BB3C5BC926C9C4DB000C7B24 /* XCRemoteSwiftPackageReference "ALProgressView" */,
			);
			productRefGroup = BB3959F424EA71EE00B965F5 /* Products */;
			projectDirPath = "";
			projectRoot = "";
			targets = (
				BB3959F224EA71EE00B965F5 /* ALPopup Example */,
			);
		};
/* End PBXProject section */

/* Begin PBXResourcesBuildPhase section */
		BB3959F124EA71EE00B965F5 /* Resources */ = {
			isa = PBXResourcesBuildPhase;
			buildActionMask = 2147483647;
			files = (
				BB395A0324EA71F200B965F5 /* LaunchScreen.storyboard in Resources */,
				BB395A0024EA71F200B965F5 /* Assets.xcassets in Resources */,
			);
			runOnlyForDeploymentPostprocessing = 0;
		};
/* End PBXResourcesBuildPhase section */

/* Begin PBXSourcesBuildPhase section */
		BB3959EF24EA71EE00B965F5 /* Sources */ = {
			isa = PBXSourcesBuildPhase;
			buildActionMask = 2147483647;
			files = (
				BB3959FB24EA71EE00B965F5 /* HomeViewController.swift in Sources */,
				BB3C5BD326C9C5A0000C7B24 /* ContentViewForInheritedController.swift in Sources */,
				BB3C5BC326C9B84C000C7B24 /* BaseViewController.swift in Sources */,
				BB3C5BD626C9CBAF000C7B24 /* SettingsViewController.swift in Sources */,
				BB3C5BCE26C9C561000C7B24 /* InheritedFromCardController.swift in Sources */,
				BB3959F724EA71EE00B965F5 /* AppDelegate.swift in Sources */,
				BB3C5BDC26CA5BE0000C7B24 /* HorizontallScrollController.swift in Sources */,
				BB3C5BC826C9BEDA000C7B24 /* DetailViewController.swift in Sources */,
				BB3C5BC626C9BECF000C7B24 /* TableViewController.swift in Sources */,
				BB3C5BD026C9C56C000C7B24 /* InheritedFromPopupController.swift.swift in Sources */,
				BB3C5BBB26C9A0DB000C7B24 /* ALFakeNavigationView.swift in Sources */,
				BB3C5BDE26CA62E1000C7B24 /* MixedScrollViewController.swift in Sources */,
			);
			runOnlyForDeploymentPostprocessing = 0;
		};
/* End PBXSourcesBuildPhase section */

/* Begin PBXVariantGroup section */
		BB395A0124EA71F200B965F5 /* LaunchScreen.storyboard */ = {
			isa = PBXVariantGroup;
			children = (
				BB395A0224EA71F200B965F5 /* Base */,
			);
			name = LaunchScreen.storyboard;
			sourceTree = "<group>";
		};
/* End PBXVariantGroup section */

/* Begin XCBuildConfiguration section */
		BB395A0524EA71F200B965F5 /* Debug */ = {
			isa = XCBuildConfiguration;
			buildSettings = {
				ALWAYS_SEARCH_USER_PATHS = NO;
				CLANG_ANALYZER_NONNULL = YES;
				CLANG_ANALYZER_NUMBER_OBJECT_CONVERSION = YES_AGGRESSIVE;
				CLANG_CXX_LANGUAGE_STANDARD = "gnu++14";
				CLANG_CXX_LIBRARY = "libc++";
				CLANG_ENABLE_MODULES = YES;
				CLANG_ENABLE_OBJC_ARC = YES;
				CLANG_ENABLE_OBJC_WEAK = YES;
				CLANG_WARN_BLOCK_CAPTURE_AUTORELEASING = YES;
				CLANG_WARN_BOOL_CONVERSION = YES;
				CLANG_WARN_COMMA = YES;
				CLANG_WARN_CONSTANT_CONVERSION = YES;
				CLANG_WARN_DEPRECATED_OBJC_IMPLEMENTATIONS = YES;
				CLANG_WARN_DIRECT_OBJC_ISA_USAGE = YES_ERROR;
				CLANG_WARN_DOCUMENTATION_COMMENTS = YES;
				CLANG_WARN_EMPTY_BODY = YES;
				CLANG_WARN_ENUM_CONVERSION = YES;
				CLANG_WARN_INFINITE_RECURSION = YES;
				CLANG_WARN_INT_CONVERSION = YES;
				CLANG_WARN_NON_LITERAL_NULL_CONVERSION = YES;
				CLANG_WARN_OBJC_IMPLICIT_RETAIN_SELF = YES;
				CLANG_WARN_OBJC_LITERAL_CONVERSION = YES;
				CLANG_WARN_OBJC_ROOT_CLASS = YES_ERROR;
				CLANG_WARN_QUOTED_INCLUDE_IN_FRAMEWORK_HEADER = YES;
				CLANG_WARN_RANGE_LOOP_ANALYSIS = YES;
				CLANG_WARN_STRICT_PROTOTYPES = YES;
				CLANG_WARN_SUSPICIOUS_MOVE = YES;
				CLANG_WARN_UNGUARDED_AVAILABILITY = YES_AGGRESSIVE;
				CLANG_WARN_UNREACHABLE_CODE = YES;
				CLANG_WARN__DUPLICATE_METHOD_MATCH = YES;
				COPY_PHASE_STRIP = NO;
				DEBUG_INFORMATION_FORMAT = dwarf;
				ENABLE_STRICT_OBJC_MSGSEND = YES;
				ENABLE_TESTABILITY = YES;
				GCC_C_LANGUAGE_STANDARD = gnu11;
				GCC_DYNAMIC_NO_PIC = NO;
				GCC_NO_COMMON_BLOCKS = YES;
				GCC_OPTIMIZATION_LEVEL = 0;
				GCC_PREPROCESSOR_DEFINITIONS = (
					"DEBUG=1",
					"$(inherited)",
				);
				GCC_WARN_64_TO_32_BIT_CONVERSION = YES;
				GCC_WARN_ABOUT_RETURN_TYPE = YES_ERROR;
				GCC_WARN_UNDECLARED_SELECTOR = YES;
				GCC_WARN_UNINITIALIZED_AUTOS = YES_AGGRESSIVE;
				GCC_WARN_UNUSED_FUNCTION = YES;
				GCC_WARN_UNUSED_VARIABLE = YES;
				IPHONEOS_DEPLOYMENT_TARGET = 13.6;
				MTL_ENABLE_DEBUG_INFO = INCLUDE_SOURCE;
				MTL_FAST_MATH = YES;
				ONLY_ACTIVE_ARCH = YES;
				SDKROOT = iphoneos;
				SWIFT_ACTIVE_COMPILATION_CONDITIONS = DEBUG;
				SWIFT_OPTIMIZATION_LEVEL = "-Onone";
			};
			name = Debug;
		};
		BB395A0624EA71F200B965F5 /* Release */ = {
			isa = XCBuildConfiguration;
			buildSettings = {
				ALWAYS_SEARCH_USER_PATHS = NO;
				CLANG_ANALYZER_NONNULL = YES;
				CLANG_ANALYZER_NUMBER_OBJECT_CONVERSION = YES_AGGRESSIVE;
				CLANG_CXX_LANGUAGE_STANDARD = "gnu++14";
				CLANG_CXX_LIBRARY = "libc++";
				CLANG_ENABLE_MODULES = YES;
				CLANG_ENABLE_OBJC_ARC = YES;
				CLANG_ENABLE_OBJC_WEAK = YES;
				CLANG_WARN_BLOCK_CAPTURE_AUTORELEASING = YES;
				CLANG_WARN_BOOL_CONVERSION = YES;
				CLANG_WARN_COMMA = YES;
				CLANG_WARN_CONSTANT_CONVERSION = YES;
				CLANG_WARN_DEPRECATED_OBJC_IMPLEMENTATIONS = YES;
				CLANG_WARN_DIRECT_OBJC_ISA_USAGE = YES_ERROR;
				CLANG_WARN_DOCUMENTATION_COMMENTS = YES;
				CLANG_WARN_EMPTY_BODY = YES;
				CLANG_WARN_ENUM_CONVERSION = YES;
				CLANG_WARN_INFINITE_RECURSION = YES;
				CLANG_WARN_INT_CONVERSION = YES;
				CLANG_WARN_NON_LITERAL_NULL_CONVERSION = YES;
				CLANG_WARN_OBJC_IMPLICIT_RETAIN_SELF = YES;
				CLANG_WARN_OBJC_LITERAL_CONVERSION = YES;
				CLANG_WARN_OBJC_ROOT_CLASS = YES_ERROR;
				CLANG_WARN_QUOTED_INCLUDE_IN_FRAMEWORK_HEADER = YES;
				CLANG_WARN_RANGE_LOOP_ANALYSIS = YES;
				CLANG_WARN_STRICT_PROTOTYPES = YES;
				CLANG_WARN_SUSPICIOUS_MOVE = YES;
				CLANG_WARN_UNGUARDED_AVAILABILITY = YES_AGGRESSIVE;
				CLANG_WARN_UNREACHABLE_CODE = YES;
				CLANG_WARN__DUPLICATE_METHOD_MATCH = YES;
				COPY_PHASE_STRIP = NO;
				DEBUG_INFORMATION_FORMAT = "dwarf-with-dsym";
				ENABLE_NS_ASSERTIONS = NO;
				ENABLE_STRICT_OBJC_MSGSEND = YES;
				GCC_C_LANGUAGE_STANDARD = gnu11;
				GCC_NO_COMMON_BLOCKS = YES;
				GCC_WARN_64_TO_32_BIT_CONVERSION = YES;
				GCC_WARN_ABOUT_RETURN_TYPE = YES_ERROR;
				GCC_WARN_UNDECLARED_SELECTOR = YES;
				GCC_WARN_UNINITIALIZED_AUTOS = YES_AGGRESSIVE;
				GCC_WARN_UNUSED_FUNCTION = YES;
				GCC_WARN_UNUSED_VARIABLE = YES;
				IPHONEOS_DEPLOYMENT_TARGET = 13.6;
				MTL_ENABLE_DEBUG_INFO = NO;
				MTL_FAST_MATH = YES;
				SDKROOT = iphoneos;
				SWIFT_COMPILATION_MODE = wholemodule;
				SWIFT_OPTIMIZATION_LEVEL = "-O";
				VALIDATE_PRODUCT = YES;
			};
			name = Release;
		};
		BB395A0824EA71F200B965F5 /* Debug */ = {
			isa = XCBuildConfiguration;
			buildSettings = {
				ASSETCATALOG_COMPILER_APPICON_NAME = AppIcon;
				CODE_SIGN_STYLE = Automatic;
				DEVELOPMENT_TEAM = RW83L2JUQB;
				INFOPLIST_FILE = "iOS App/Sources/Info.plist";
				IPHONEOS_DEPLOYMENT_TARGET = 13.0;
				LD_RUNPATH_SEARCH_PATHS = (
					"$(inherited)",
					"@executable_path/Frameworks",
				);
				PRODUCT_BUNDLE_IDENTIFIER = alxrguz.ALPopupController.example;
				PRODUCT_NAME = "$(TARGET_NAME)";
				SWIFT_VERSION = 5.0;
				TARGETED_DEVICE_FAMILY = "1,2";
			};
			name = Debug;
		};
		BB395A0924EA71F200B965F5 /* Release */ = {
			isa = XCBuildConfiguration;
			buildSettings = {
				ASSETCATALOG_COMPILER_APPICON_NAME = AppIcon;
				CODE_SIGN_STYLE = Automatic;
				DEVELOPMENT_TEAM = RW83L2JUQB;
				INFOPLIST_FILE = "iOS App/Sources/Info.plist";
				IPHONEOS_DEPLOYMENT_TARGET = 13.0;
				LD_RUNPATH_SEARCH_PATHS = (
					"$(inherited)",
					"@executable_path/Frameworks",
				);
				PRODUCT_BUNDLE_IDENTIFIER = alxrguz.ALPopupController.example;
				PRODUCT_NAME = "$(TARGET_NAME)";
				SWIFT_VERSION = 5.0;
				TARGETED_DEVICE_FAMILY = "1,2";
			};
			name = Release;
		};
/* End XCBuildConfiguration section */

/* Begin XCConfigurationList section */
		BB3959EE24EA71EE00B965F5 /* Build configuration list for PBXProject "ALPopup Example" */ = {
			isa = XCConfigurationList;
			buildConfigurations = (
				BB395A0524EA71F200B965F5 /* Debug */,
				BB395A0624EA71F200B965F5 /* Release */,
			);
			defaultConfigurationIsVisible = 0;
			defaultConfigurationName = Release;
		};
		BB395A0724EA71F200B965F5 /* Build configuration list for PBXNativeTarget "ALPopup Example" */ = {
			isa = XCConfigurationList;
			buildConfigurations = (
				BB395A0824EA71F200B965F5 /* Debug */,
				BB395A0924EA71F200B965F5 /* Release */,
			);
			defaultConfigurationIsVisible = 0;
			defaultConfigurationName = Release;
		};
/* End XCConfigurationList section */

/* Begin XCRemoteSwiftPackageReference section */
		BB3C5BBF26C9B821000C7B24 /* XCRemoteSwiftPackageReference "ALRadioButtons" */ = {
			isa = XCRemoteSwiftPackageReference;
			repositoryURL = "https://github.com/alxrguz/ALRadioButtons";
			requirement = {
				kind = upToNextMajorVersion;
				minimumVersion = 1.2.1;
			};
		};
		BB3C5BC926C9C4DB000C7B24 /* XCRemoteSwiftPackageReference "ALProgressView" */ = {
			isa = XCRemoteSwiftPackageReference;
			repositoryURL = "https://github.com/alxrguz/ALProgressView";
			requirement = {
				kind = upToNextMajorVersion;
				minimumVersion = 2.0.0;
			};
		};
		BBC5A339262824B60000ADDA /* XCRemoteSwiftPackageReference "ALDevKit" */ = {
			isa = XCRemoteSwiftPackageReference;
			repositoryURL = "https://github.com/alxrguz/ALDevKit";
			requirement = {
				branch = master;
				kind = branch;
			};
		};
/* End XCRemoteSwiftPackageReference section */

/* Begin XCSwiftPackageProductDependency section */
		BB3C5BC026C9B821000C7B24 /* ALRadioButtons */ = {
			isa = XCSwiftPackageProductDependency;
			package = BB3C5BBF26C9B821000C7B24 /* XCRemoteSwiftPackageReference "ALRadioButtons" */;
			productName = ALRadioButtons;
		};
		BB3C5BCA26C9C4DC000C7B24 /* ALProgressView */ = {
			isa = XCSwiftPackageProductDependency;
			package = BB3C5BC926C9C4DB000C7B24 /* XCRemoteSwiftPackageReference "ALProgressView" */;
			productName = ALProgressView;
		};
		BBC5A33A262824B60000ADDA /* ALDevKit */ = {
			isa = XCSwiftPackageProductDependency;
			package = BBC5A339262824B60000ADDA /* XCRemoteSwiftPackageReference "ALDevKit" */;
			productName = ALDevKit;
		};
		BBDBFBF32705B44200EBD725 /* ALPopup */ = {
			isa = XCSwiftPackageProductDependency;
			productName = ALPopup;
		};
/* End XCSwiftPackageProductDependency section */
	};
	rootObject = BB3959EB24EA71EE00B965F5 /* Project object */;
}
