{
  "object": {
    "pins": [
      {
        "package": "ALDevKit",
        "repositoryURL": "https://github.com/alxrguz/ALDevKit",
        "state": {
          "branch": "master",
          "revision": "af00692df68426c961bedd81da5b4c5469d79e30",
          "version": null
        }
      },
      {
        "package": "ALProgressView",
        "repositoryURL": "https://github.com/alxrguz/ALProgressView",
        "state": {
          "branch": null,
          "revision": "54f42cb339924de1b37fe8ecdbe72a3336cbc73d",
          "version": "2.0.0"
        }
      },
      {
        "package": "ALRadioButtons",
        "repositoryURL": "https://github.com/alxrguz/ALRadioButtons",
        "state": {
          "branch": null,
          "revision": "308e17e984d8104f75781169b7ba21c427285739",
          "version": "1.2.1"
        }
      },
      {
        "package": "SnapKit",
        "repositoryURL": "https://github.com/SnapKit/SnapKit",
        "state": {
          "branch": null,
          "revision": "d458564516e5676af9c70b4f4b2a9178294f1bc6",
          "version": "5.0.1"
        }
      },
      {
        "package": "SparrowKit",
        "repositoryURL": "https://github.com/ivanvorobei/SparrowKit",
        "state": {
          "branch": null,
          "revision": "f46a45d59deb5447dbb04a561d4106a4ccc75aff",
          "version": "3.2.3"
        }
      }
    ]
  },
  "version": 1
}
